
Microsoft Visual Studio Solution File, Format Version 12.00
# Visual Studio Version 17
VisualStudioVersion = 17.8.34309.116
MinimumVisualStudioVersion = 10.0.40219.1
Project("{9A19103F-16F7-4668-BE54-9A1E7A4F7556}") = "tSync", "tSync\tSync.csproj", "{82A561F2-BD29-4DB2-98C7-8180D796FC3F}"
EndProject
Project("{2150E333-8FDC-42A3-9474-1A3956D46DE8}") = "Solution Items", "Solution Items", "{0CE94E71-B58C-4989-B6AD-A1E2EE01F53B}"
	ProjectSection(SolutionItems) = preProject
		docker-compose.yml = docker-compose.yml
		Dockerfile = Dockerfile
	EndProjectSection
EndProject
Global
	GlobalSection(SolutionConfigurationPlatforms) = preSolution
		Debug|Any CPU = Debug|Any CPU
		Release|Any CPU = Release|Any CPU
	EndGlobalSection
	GlobalSection(ProjectConfigurationPlatforms) = postSolution
		{82A561F2-BD29-4DB2-98C7-8180D796FC3F}.Debug|Any CPU.ActiveCfg = Debug|Any CPU
		{82A561F2-BD29-4DB2-98C7-8180D796FC3F}.Debug|Any CPU.Build.0 = Debug|Any CPU
		{82A561F2-BD29-4DB2-98C7-8180D796FC3F}.Release|Any CPU.ActiveCfg = Release|Any CPU
		{82A561F2-BD29-4DB2-98C7-8180D796FC3F}.Release|Any CPU.Build.0 = Release|Any CPU
	EndGlobalSection
	GlobalSection(SolutionProperties) = preSolution
		HideSolutionNode = FALSE
	EndGlobalSection
	GlobalSection(ExtensibilityGlobals) = postSolution
		SolutionGuid = {4A8F0FD7-9654-4503-9B34-CAB70AB6C5D0}
		BuildVersion_StartDate = 2000/1/1
	EndGlobalSection
EndGlobal
